
Microsoft Visual Studio Solution File, Format Version 12.00
# Visual Studio Version 17
VisualStudioVersion = 17.5.002.0
MinimumVisualStudioVersion = 10.0.40219.1
Project("{9A19103F-16F7-4668-BE54-9A1E7A4F7556}") = "DateTimeEmCsharp", "DateTimeEmCsharp.csproj", "{B4A59EB7-3D60-420C-BEC9-C10F87D80A9A}"
EndProject
Global
	GlobalSection(SolutionConfigurationPlatforms) = preSolution
		Debug|Any CPU = Debug|Any CPU
		Release|Any CPU = Release|Any CPU
	EndGlobalSection
	GlobalSection(ProjectConfigurationPlatforms) = postSolution
		{B4A59EB7-3D60-420C-BEC9-C10F87D80A9A}.Debug|Any CPU.ActiveCfg = Debug|Any CPU
		{B4A59EB7-3D60-420C-BEC9-C10F87D80A9A}.Debug|Any CPU.Build.0 = Debug|Any CPU
		{B4A59EB7-3D60-420C-BEC9-C10F87D80A9A}.Release|Any CPU.ActiveCfg = Release|Any CPU
		{B4A59EB7-3D60-420C-BEC9-C10F87D80A9A}.Release|Any CPU.Build.0 = Release|Any CPU
	EndGlobalSection
	GlobalSection(SolutionProperties) = preSolution
		HideSolutionNode = FALSE
	EndGlobalSection
	GlobalSection(ExtensibilityGlobals) = postSolution
		SolutionGuid = {8B3E7F0E-77A7-40A4-BA8E-3447C58EF849}
	EndGlobalSection
EndGlobal
